// !$*UTF8*$!
{
	archiveVersion = 1;
	classes = {
	};
	objectVersion = 55;
	objects = {

/* Begin PBXBuildFile section */
		F64F052A2910F87300DF3DAA /* ExpertAppApp.swift in Sources */ = {isa = PBXBuildFile; fileRef = F64F05292910F87300DF3DAA /* ExpertAppApp.swift */; };
		F64F052C2910F87300DF3DAA /* ContentView.swift in Sources */ = {isa = PBXBuildFile; fileRef = F64F052B2910F87300DF3DAA /* ContentView.swift */; };
		F64F052E2910F87500DF3DAA /* Assets.xcassets in Resources */ = {isa = PBXBuildFile; fileRef = F64F052D2910F87500DF3DAA /* Assets.xcassets */; };
		F64F05312910F87500DF3DAA /* Preview Assets.xcassets in Resources */ = {isa = PBXBuildFile; fileRef = F64F05302910F87500DF3DAA /* Preview Assets.xcassets */; };
		F6BE9F0A2910F9620035CD20 /* ScenarioView.swift in Sources */ = {isa = PBXBuildFile; fileRef = F6BE9F092910F9620035CD20 /* ScenarioView.swift */; };
		F6BE9F0C2910F98F0035CD20 /* ScenarioVM.swift in Sources */ = {isa = PBXBuildFile; fileRef = F6BE9F0B2910F98F0035CD20 /* ScenarioVM.swift */; };
		F6BE9F102910F9E00035CD20 /* Scenario.swift in Sources */ = {isa = PBXBuildFile; fileRef = F6BE9F0F2910F9E00035CD20 /* Scenario.swift */; };
		F6BE9F162910FE770035CD20 /* ColorConstant.swift in Sources */ = {isa = PBXBuildFile; fileRef = F6BE9F152910FE770035CD20 /* ColorConstant.swift */; };
		F6BE9F182910FF9D0035CD20 /* HeaderView.swift in Sources */ = {isa = PBXBuildFile; fileRef = F6BE9F172910FF9D0035CD20 /* HeaderView.swift */; };
		F6BE9F1B291104BC0035CD20 /* WelcomeView.swift in Sources */ = {isa = PBXBuildFile; fileRef = F6BE9F1A291104BC0035CD20 /* WelcomeView.swift */; };
		F6BE9F1D2911157F0035CD20 /* ScenarioDetailView.swift in Sources */ = {isa = PBXBuildFile; fileRef = F6BE9F1C2911157F0035CD20 /* ScenarioDetailView.swift */; };
/* End PBXBuildFile section */

/* Begin PBXFileReference section */
		F64F05262910F87300DF3DAA /* ExpertApp.app */ = {isa = PBXFileReference; explicitFileType = wrapper.application; includeInIndex = 0; path = ExpertApp.app; sourceTree = BUILT_PRODUCTS_DIR; };
		F64F05292910F87300DF3DAA /* ExpertAppApp.swift */ = {isa = PBXFileReference; lastKnownFileType = sourcecode.swift; path = ExpertAppApp.swift; sourceTree = "<group>"; };
		F64F052B2910F87300DF3DAA /* ContentView.swift */ = {isa = PBXFileReference; lastKnownFileType = sourcecode.swift; path = ContentView.swift; sourceTree = "<group>"; };
		F64F052D2910F87500DF3DAA /* Assets.xcassets */ = {isa = PBXFileReference; lastKnownFileType = folder.assetcatalog; path = Assets.xcassets; sourceTree = "<group>"; };
		F64F05302910F87500DF3DAA /* Preview Assets.xcassets */ = {isa = PBXFileReference; lastKnownFileType = folder.assetcatalog; path = "Preview Assets.xcassets"; sourceTree = "<group>"; };
		F64F05372910F8A400DF3DAA /* Info.plist */ = {isa = PBXFileReference; lastKnownFileType = text.plist; path = Info.plist; sourceTree = "<group>"; };
		F6BE9F092910F9620035CD20 /* ScenarioView.swift */ = {isa = PBXFileReference; lastKnownFileType = sourcecode.swift; path = ScenarioView.swift; sourceTree = "<group>"; };
		F6BE9F0B2910F98F0035CD20 /* ScenarioVM.swift */ = {isa = PBXFileReference; lastKnownFileType = sourcecode.swift; path = ScenarioVM.swift; sourceTree = "<group>"; };
		F6BE9F0F2910F9E00035CD20 /* Scenario.swift */ = {isa = PBXFileReference; lastKnownFileType = sourcecode.swift; path = Scenario.swift; sourceTree = "<group>"; };
		F6BE9F152910FE770035CD20 /* ColorConstant.swift */ = {isa = PBXFileReference; lastKnownFileType = sourcecode.swift; path = ColorConstant.swift; sourceTree = "<group>"; };
		F6BE9F172910FF9D0035CD20 /* HeaderView.swift */ = {isa = PBXFileReference; lastKnownFileType = sourcecode.swift; path = HeaderView.swift; sourceTree = "<group>"; };
		F6BE9F1A291104BC0035CD20 /* WelcomeView.swift */ = {isa = PBXFileReference; lastKnownFileType = sourcecode.swift; path = WelcomeView.swift; sourceTree = "<group>"; };
		F6BE9F1C2911157F0035CD20 /* ScenarioDetailView.swift */ = {isa = PBXFileReference; lastKnownFileType = sourcecode.swift; path = ScenarioDetailView.swift; sourceTree = "<group>"; };
/* End PBXFileReference section */

/* Begin PBXFrameworksBuildPhase section */
		F64F05232910F87300DF3DAA /* Frameworks */ = {
			isa = PBXFrameworksBuildPhase;
			buildActionMask = 2147483647;
			files = (
			);
			runOnlyForDeploymentPostprocessing = 0;
		};
/* End PBXFrameworksBuildPhase section */

/* Begin PBXGroup section */
		F64F051D2910F87300DF3DAA = {
			isa = PBXGroup;
			children = (
				F64F05282910F87300DF3DAA /* ExpertApp */,
				F64F05272910F87300DF3DAA /* Products */,
			);
			sourceTree = "<group>";
		};
		F64F05272910F87300DF3DAA /* Products */ = {
			isa = PBXGroup;
			children = (
				F64F05262910F87300DF3DAA /* ExpertApp.app */,
			);
			name = Products;
			sourceTree = "<group>";
		};
		F64F05282910F87300DF3DAA /* ExpertApp */ = {
			isa = PBXGroup;
			children = (
				F6BE9F142910FE560035CD20 /* Shared */,
				F6BE9F0E2910F9CE0035CD20 /* Models */,
				F6BE9F072910F92E0035CD20 /* Views&ViewControllers */,
				F6BE9F062910F9100035CD20 /* App */,
				F64F05372910F8A400DF3DAA /* Info.plist */,
				F64F052D2910F87500DF3DAA /* Assets.xcassets */,
				F64F052F2910F87500DF3DAA /* Preview Content */,
			);
			path = ExpertApp;
			sourceTree = "<group>";
		};
		F64F052F2910F87500DF3DAA /* Preview Content */ = {
			isa = PBXGroup;
			children = (
				F64F05302910F87500DF3DAA /* Preview Assets.xcassets */,
			);
			path = "Preview Content";
			sourceTree = "<group>";
		};
		F6BE9F062910F9100035CD20 /* App */ = {
			isa = PBXGroup;
			children = (
				F64F052B2910F87300DF3DAA /* ContentView.swift */,
				F64F05292910F87300DF3DAA /* ExpertAppApp.swift */,
			);
			path = App;
			sourceTree = "<group>";
		};
		F6BE9F072910F92E0035CD20 /* Views&ViewControllers */ = {
			isa = PBXGroup;
			children = (
				F6BE9F192911048F0035CD20 /* WelcomeScreen */,
				F6BE9F082910F9490035CD20 /* Scenarios */,
			);
			path = "Views&ViewControllers";
			sourceTree = "<group>";
		};
		F6BE9F082910F9490035CD20 /* Scenarios */ = {
			isa = PBXGroup;
			children = (
				F6BE9F092910F9620035CD20 /* ScenarioView.swift */,
				F6BE9F0B2910F98F0035CD20 /* ScenarioVM.swift */,
				F6BE9F1C2911157F0035CD20 /* ScenarioDetailView.swift */,
			);
			path = Scenarios;
			sourceTree = "<group>";
		};
		F6BE9F0E2910F9CE0035CD20 /* Models */ = {
			isa = PBXGroup;
			children = (
				F6BE9F0F2910F9E00035CD20 /* Scenario.swift */,
			);
			path = Models;
			sourceTree = "<group>";
		};
		F6BE9F142910FE560035CD20 /* Shared */ = {
			isa = PBXGroup;
			children = (
				F6BE9F152910FE770035CD20 /* ColorConstant.swift */,
				F6BE9F172910FF9D0035CD20 /* HeaderView.swift */,
			);
			path = Shared;
			sourceTree = "<group>";
		};
		F6BE9F192911048F0035CD20 /* WelcomeScreen */ = {
			isa = PBXGroup;
			children = (
				F6BE9F1A291104BC0035CD20 /* WelcomeView.swift */,
			);
			path = WelcomeScreen;
			sourceTree = "<group>";
		};
/* End PBXGroup section */

/* Begin PBXNativeTarget section */
		F64F05252910F87300DF3DAA /* ExpertApp */ = {
			isa = PBXNativeTarget;
			buildConfigurationList = F64F05342910F87500DF3DAA /* Build configuration list for PBXNativeTarget "ExpertApp" */;
			buildPhases = (
				F64F05222910F87300DF3DAA /* Sources */,
				F64F05232910F87300DF3DAA /* Frameworks */,
				F64F05242910F87300DF3DAA /* Resources */,
			);
			buildRules = (
			);
			dependencies = (
			);
			name = ExpertApp;
			productName = ExpertApp;
			productReference = F64F05262910F87300DF3DAA /* ExpertApp.app */;
			productType = "com.apple.product-type.application";
		};
/* End PBXNativeTarget section */

/* Begin PBXProject section */
		F64F051E2910F87300DF3DAA /* Project object */ = {
			isa = PBXProject;
			attributes = {
				BuildIndependentTargetsInParallel = 1;
				LastSwiftUpdateCheck = 1340;
				LastUpgradeCheck = 1340;
				TargetAttributes = {
					F64F05252910F87300DF3DAA = {
						CreatedOnToolsVersion = 13.4.1;
					};
				};
			};
			buildConfigurationList = F64F05212910F87300DF3DAA /* Build configuration list for PBXProject "ExpertApp" */;
			compatibilityVersion = "Xcode 13.0";
			developmentRegion = en;
			hasScannedForEncodings = 0;
			knownRegions = (
				en,
				Base,
			);
			mainGroup = F64F051D2910F87300DF3DAA;
			productRefGroup = F64F05272910F87300DF3DAA /* Products */;
			projectDirPath = "";
			projectRoot = "";
			targets = (
				F64F05252910F87300DF3DAA /* ExpertApp */,
			);
		};
/* End PBXProject section */

/* Begin PBXResourcesBuildPhase section */
		F64F05242910F87300DF3DAA /* Resources */ = {
			isa = PBXResourcesBuildPhase;
			buildActionMask = 2147483647;
			files = (
				F64F05312910F87500DF3DAA /* Preview Assets.xcassets in Resources */,
				F64F052E2910F87500DF3DAA /* Assets.xcassets in Resources */,
			);
			runOnlyForDeploymentPostprocessing = 0;
		};
/* End PBXResourcesBuildPhase section */

/* Begin PBXSourcesBuildPhase section */
		F64F05222910F87300DF3DAA /* Sources */ = {
			isa = PBXSourcesBuildPhase;
			buildActionMask = 2147483647;
			files = (
				F64F052C2910F87300DF3DAA /* ContentView.swift in Sources */,
				F64F052A2910F87300DF3DAA /* ExpertAppApp.swift in Sources */,
				F6BE9F0C2910F98F0035CD20 /* ScenarioVM.swift in Sources */,
				F6BE9F1D2911157F0035CD20 /* ScenarioDetailView.swift in Sources */,
				F6BE9F1B291104BC0035CD20 /* WelcomeView.swift in Sources */,
				F6BE9F102910F9E00035CD20 /* Scenario.swift in Sources */,
				F6BE9F0A2910F9620035CD20 /* ScenarioView.swift in Sources */,
				F6BE9F162910FE770035CD20 /* ColorConstant.swift in Sources */,
				F6BE9F182910FF9D0035CD20 /* HeaderView.swift in Sources */,
			);
			runOnlyForDeploymentPostprocessing = 0;
		};
/* End PBXSourcesBuildPhase section */

/* Begin XCBuildConfiguration section */
		F64F05322910F87500DF3DAA /* Debug */ = {
			isa = XCBuildConfiguration;
			buildSettings = {
				ALWAYS_SEARCH_USER_PATHS = NO;
				CLANG_ANALYZER_NONNULL = YES;
				CLANG_ANALYZER_NUMBER_OBJECT_CONVERSION = YES_AGGRESSIVE;
				CLANG_CXX_LANGUAGE_STANDARD = "gnu++17";
				CLANG_ENABLE_MODULES = YES;
				CLANG_ENABLE_OBJC_ARC = YES;
				CLANG_ENABLE_OBJC_WEAK = YES;
				CLANG_WARN_BLOCK_CAPTURE_AUTORELEASING = YES;
				CLANG_WARN_BOOL_CONVERSION = YES;
				CLANG_WARN_COMMA = YES;
				CLANG_WARN_CONSTANT_CONVERSION = YES;
				CLANG_WARN_DEPRECATED_OBJC_IMPLEMENTATIONS = YES;
				CLANG_WARN_DIRECT_OBJC_ISA_USAGE = YES_ERROR;
				CLANG_WARN_DOCUMENTATION_COMMENTS = YES;
				CLANG_WARN_EMPTY_BODY = YES;
				CLANG_WARN_ENUM_CONVERSION = YES;
				CLANG_WARN_INFINITE_RECURSION = YES;
				CLANG_WARN_INT_CONVERSION = YES;
				CLANG_WARN_NON_LITERAL_NULL_CONVERSION = YES;
				CLANG_WARN_OBJC_IMPLICIT_RETAIN_SELF = YES;
				CLANG_WARN_OBJC_LITERAL_CONVERSION = YES;
				CLANG_WARN_OBJC_ROOT_CLASS = YES_ERROR;
				CLANG_WARN_QUOTED_INCLUDE_IN_FRAMEWORK_HEADER = YES;
				CLANG_WARN_RANGE_LOOP_ANALYSIS = YES;
				CLANG_WARN_STRICT_PROTOTYPES = YES;
				CLANG_WARN_SUSPICIOUS_MOVE = YES;
				CLANG_WARN_UNGUARDED_AVAILABILITY = YES_AGGRESSIVE;
				CLANG_WARN_UNREACHABLE_CODE = YES;
				CLANG_WARN__DUPLICATE_METHOD_MATCH = YES;
				COPY_PHASE_STRIP = NO;
				DEBUG_INFORMATION_FORMAT = dwarf;
				ENABLE_STRICT_OBJC_MSGSEND = YES;
				ENABLE_TESTABILITY = YES;
				GCC_C_LANGUAGE_STANDARD = gnu11;
				GCC_DYNAMIC_NO_PIC = NO;
				GCC_NO_COMMON_BLOCKS = YES;
				GCC_OPTIMIZATION_LEVEL = 0;
				GCC_PREPROCESSOR_DEFINITIONS = (
					"DEBUG=1",
					"$(inherited)",
				);
				GCC_WARN_64_TO_32_BIT_CONVERSION = YES;
				GCC_WARN_ABOUT_RETURN_TYPE = YES_ERROR;
				GCC_WARN_UNDECLARED_SELECTOR = YES;
				GCC_WARN_UNINITIALIZED_AUTOS = YES_AGGRESSIVE;
				GCC_WARN_UNUSED_FUNCTION = YES;
				GCC_WARN_UNUSED_VARIABLE = YES;
				IPHONEOS_DEPLOYMENT_TARGET = 15.5;
				MTL_ENABLE_DEBUG_INFO = INCLUDE_SOURCE;
				MTL_FAST_MATH = YES;
				ONLY_ACTIVE_ARCH = YES;
				SDKROOT = iphoneos;
				SWIFT_ACTIVE_COMPILATION_CONDITIONS = DEBUG;
				SWIFT_OPTIMIZATION_LEVEL = "-Onone";
			};
			name = Debug;
		};
		F64F05332910F87500DF3DAA /* Release */ = {
			isa = XCBuildConfiguration;
			buildSettings = {
				ALWAYS_SEARCH_USER_PATHS = NO;
				CLANG_ANALYZER_NONNULL = YES;
				CLANG_ANALYZER_NUMBER_OBJECT_CONVERSION = YES_AGGRESSIVE;
				CLANG_CXX_LANGUAGE_STANDARD = "gnu++17";
				CLANG_ENABLE_MODULES = YES;
				CLANG_ENABLE_OBJC_ARC = YES;
				CLANG_ENABLE_OBJC_WEAK = YES;
				CLANG_WARN_BLOCK_CAPTURE_AUTORELEASING = YES;
				CLANG_WARN_BOOL_CONVERSION = YES;
				CLANG_WARN_COMMA = YES;
				CLANG_WARN_CONSTANT_CONVERSION = YES;
				CLANG_WARN_DEPRECATED_OBJC_IMPLEMENTATIONS = YES;
				CLANG_WARN_DIRECT_OBJC_ISA_USAGE = YES_ERROR;
				CLANG_WARN_DOCUMENTATION_COMMENTS = YES;
				CLANG_WARN_EMPTY_BODY = YES;
				CLANG_WARN_ENUM_CONVERSION = YES;
				CLANG_WARN_INFINITE_RECURSION = YES;
				CLANG_WARN_INT_CONVERSION = YES;
				CLANG_WARN_NON_LITERAL_NULL_CONVERSION = YES;
				CLANG_WARN_OBJC_IMPLICIT_RETAIN_SELF = YES;
				CLANG_WARN_OBJC_LITERAL_CONVERSION = YES;
				CLANG_WARN_OBJC_ROOT_CLASS = YES_ERROR;
				CLANG_WARN_QUOTED_INCLUDE_IN_FRAMEWORK_HEADER = YES;
				CLANG_WARN_RANGE_LOOP_ANALYSIS = YES;
				CLANG_WARN_STRICT_PROTOTYPES = YES;
				CLANG_WARN_SUSPICIOUS_MOVE = YES;
				CLANG_WARN_UNGUARDED_AVAILABILITY = YES_AGGRESSIVE;
				CLANG_WARN_UNREACHABLE_CODE = YES;
				CLANG_WARN__DUPLICATE_METHOD_MATCH = YES;
				COPY_PHASE_STRIP = NO;
				DEBUG_INFORMATION_FORMAT = "dwarf-with-dsym";
				ENABLE_NS_ASSERTIONS = NO;
				ENABLE_STRICT_OBJC_MSGSEND = YES;
				GCC_C_LANGUAGE_STANDARD = gnu11;
				GCC_NO_COMMON_BLOCKS = YES;
				GCC_WARN_64_TO_32_BIT_CONVERSION = YES;
				GCC_WARN_ABOUT_RETURN_TYPE = YES_ERROR;
				GCC_WARN_UNDECLARED_SELECTOR = YES;
				GCC_WARN_UNINITIALIZED_AUTOS = YES_AGGRESSIVE;
				GCC_WARN_UNUSED_FUNCTION = YES;
				GCC_WARN_UNUSED_VARIABLE = YES;
				IPHONEOS_DEPLOYMENT_TARGET = 15.5;
				MTL_ENABLE_DEBUG_INFO = NO;
				MTL_FAST_MATH = YES;
				SDKROOT = iphoneos;
				SWIFT_COMPILATION_MODE = wholemodule;
				SWIFT_OPTIMIZATION_LEVEL = "-O";
				VALIDATE_PRODUCT = YES;
			};
			name = Release;
		};
		F64F05352910F87500DF3DAA /* Debug */ = {
			isa = XCBuildConfiguration;
			buildSettings = {
				ASSETCATALOG_COMPILER_APPICON_NAME = AppIcon;
				ASSETCATALOG_COMPILER_GLOBAL_ACCENT_COLOR_NAME = AccentColor;
				CODE_SIGN_STYLE = Automatic;
				CURRENT_PROJECT_VERSION = 1;
				DEVELOPMENT_ASSET_PATHS = "\"ExpertApp/Preview Content\"";
				DEVELOPMENT_TEAM = TR485YC8FN;
				ENABLE_PREVIEWS = YES;
				GENERATE_INFOPLIST_FILE = YES;
				INFOPLIST_FILE = ExpertApp/Info.plist;
				INFOPLIST_KEY_UIApplicationSceneManifest_Generation = YES;
				INFOPLIST_KEY_UIApplicationSupportsIndirectInputEvents = YES;
				INFOPLIST_KEY_UILaunchScreen_Generation = YES;
				INFOPLIST_KEY_UISupportedInterfaceOrientations_iPad = "UIInterfaceOrientationPortrait UIInterfaceOrientationPortraitUpsideDown UIInterfaceOrientationLandscapeLeft UIInterfaceOrientationLandscapeRight";
				INFOPLIST_KEY_UISupportedInterfaceOrientations_iPhone = "UIInterfaceOrientationPortrait UIInterfaceOrientationLandscapeLeft UIInterfaceOrientationLandscapeRight";
				LD_RUNPATH_SEARCH_PATHS = (
					"$(inherited)",
					"@executable_path/Frameworks",
				);
				MARKETING_VERSION = 1.0;
				PRODUCT_BUNDLE_IDENTIFIER = com.test.ExpertApp;
				PRODUCT_NAME = "$(TARGET_NAME)";
				SWIFT_EMIT_LOC_STRINGS = YES;
				SWIFT_VERSION = 5.0;
				TARGETED_DEVICE_FAMILY = "1,2";
			};
			name = Debug;
		};
		F64F05362910F87500DF3DAA /* Release */ = {
			isa = XCBuildConfiguration;
			buildSettings = {
				ASSETCATALOG_COMPILER_APPICON_NAME = AppIcon;
				ASSETCATALOG_COMPILER_GLOBAL_ACCENT_COLOR_NAME = AccentColor;
				CODE_SIGN_STYLE = Automatic;
				CURRENT_PROJECT_VERSION = 1;
				DEVELOPMENT_ASSET_PATHS = "\"ExpertApp/Preview Content\"";
				DEVELOPMENT_TEAM = TR485YC8FN;
				ENABLE_PREVIEWS = YES;
				GENERATE_INFOPLIST_FILE = YES;
				INFOPLIST_FILE = ExpertApp/Info.plist;
				INFOPLIST_KEY_UIApplicationSceneManifest_Generation = YES;
				INFOPLIST_KEY_UIApplicationSupportsIndirectInputEvents = YES;
				INFOPLIST_KEY_UILaunchScreen_Generation = YES;
				INFOPLIST_KEY_UISupportedInterfaceOrientations_iPad = "UIInterfaceOrientationPortrait UIInterfaceOrientationPortraitUpsideDown UIInterfaceOrientationLandscapeLeft UIInterfaceOrientationLandscapeRight";
				INFOPLIST_KEY_UISupportedInterfaceOrientations_iPhone = "UIInterfaceOrientationPortrait UIInterfaceOrientationLandscapeLeft UIInterfaceOrientationLandscapeRight";
				LD_RUNPATH_SEARCH_PATHS = (
					"$(inherited)",
					"@executable_path/Frameworks",
				);
				MARKETING_VERSION = 1.0;
				PRODUCT_BUNDLE_IDENTIFIER = com.test.ExpertApp;
				PRODUCT_NAME = "$(TARGET_NAME)";
				SWIFT_EMIT_LOC_STRINGS = YES;
				SWIFT_VERSION = 5.0;
				TARGETED_DEVICE_FAMILY = "1,2";
			};
			name = Release;
		};
/* End XCBuildConfiguration section */

/* Begin XCConfigurationList section */
		F64F05212910F87300DF3DAA /* Build configuration list for PBXProject "ExpertApp" */ = {
			isa = XCConfigurationList;
			buildConfigurations = (
				F64F05322910F87500DF3DAA /* Debug */,
				F64F05332910F87500DF3DAA /* Release */,
			);
			defaultConfigurationIsVisible = 0;
			defaultConfigurationName = Release;
		};
		F64F05342910F87500DF3DAA /* Build configuration list for PBXNativeTarget "ExpertApp" */ = {
			isa = XCConfigurationList;
			buildConfigurations = (
				F64F05352910F87500DF3DAA /* Debug */,
				F64F05362910F87500DF3DAA /* Release */,
			);
			defaultConfigurationIsVisible = 0;
			defaultConfigurationName = Release;
		};
/* End XCConfigurationList section */
	};
	rootObject = F64F051E2910F87300DF3DAA /* Project object */;
}
